{
  "projects": [
    {
      "projectId": "gLnoj82AzKVVT7qXiqAbHD",
      "version": "2.9.0",
      "dependencies": {},
      "lang": "ts",
      "fileLocks": [
        {
          "assetId": "gLnoj82AzKVVT7qXiqAbHD",
          "type": "projectCss",
          "checksum": "e1ec850476829c38b0f9b6d4f7ac446a"
        },
        {
          "type": "renderModule",
          "assetId": "lBHNzts6tFyj",
          "checksum": "1e6739f25873cd0bdd24b30bfe2ead37"
        },
        {
          "type": "cssRules",
          "assetId": "lBHNzts6tFyj",
          "checksum": "1e6739f25873cd0bdd24b30bfe2ead37"
        },
        {
          "type": "icon",
          "assetId": "zq2s7N0xWucT",
          "checksum": "61b12414624174db4cd2e3e683119fcb"
        },
        {
          "type": "icon",
          "assetId": "8K40faRNhuCj",
          "checksum": "4fedd32cd8730884585d804464a39318"
        }
      ],
      "codegenVersion": "0.0.1"
    },
    {
      "projectId": "itBdcjth19Wasd6ngAYxWR",
      "version": "1.22.0",
      "dependencies": {},
      "lang": "ts",
      "fileLocks": [
        {
          "assetId": "itBdcjth19Wasd6ngAYxWR",
          "type": "projectCss",
          "checksum": "6ce788a9e106659487c03ae968b965c3"
        }
      ],
      "codegenVersion": "0.0.1"
    },
    {
      "projectId": "i3z63WaCLuRiSZRBwZC8d1",
      "version": "6.15.0",
      "dependencies": {},
      "lang": "ts",
      "fileLocks": [
        {
          "assetId": "i3z63WaCLuRiSZRBwZC8d1",
          "type": "projectCss",
          "checksum": "e1ec850476829c38b0f9b6d4f7ac446a"
        },
        {
          "assetId": "i3z63WaCLuRiSZRBwZC8d1",
          "checksum": "2231a02fc246352d0dd609a63e28d8fb",
          "type": "globalContexts"
        }
      ],
      "codegenVersion": "0.0.1"
    },
    {
      "projectId": "xp1p7dmg329XVLHyuEUxD2",
      "version": "11.30.0",
      "dependencies": {},
      "lang": "ts",
      "fileLocks": [
        {
          "assetId": "xp1p7dmg329XVLHyuEUxD2",
          "type": "projectCss",
          "checksum": "1b891cf9539f1db972dc4163ae1172e9"
        }
      ],
      "codegenVersion": "0.0.1"
    },
    {
      "projectId": "YUiM7yqBWAqsh8KSnrdj7",
      "version": "0.27.0",
      "dependencies": {},
      "lang": "ts",
      "fileLocks": [
        {
          "assetId": "YUiM7yqBWAqsh8KSnrdj7",
          "type": "projectCss",
          "checksum": "dac72600b04b6e6a3014e82512a15fe1"
        }
      ],
      "codegenVersion": "0.0.1"
    },
    {
      "projectId": "hjKYmYi6HMwK6TRyk7ew5R",
      "version": "6.37.0",
      "dependencies": {},
      "lang": "ts",
      "fileLocks": [
        {
          "assetId": "hjKYmYi6HMwK6TRyk7ew5R",
          "type": "projectCss",
          "checksum": "e76cee85e96cb3fff580d5552a47cfe4"
        },
        {
          "assetId": "hjKYmYi6HMwK6TRyk7ew5R",
          "checksum": "ce1c1c4c2068f2505d175a1b6e17d26a",
          "type": "globalContexts"
        }
      ],
      "codegenVersion": "0.0.1"
    },
    {
      "projectId": "GTgVzsUHzMuCMexkxJk8C",
      "version": "1.27.0",
      "dependencies": {},
      "lang": "ts",
      "fileLocks": [
        {
          "assetId": "GTgVzsUHzMuCMexkxJk8C",
          "type": "projectCss",
          "checksum": "512ff26de67a0d5e4509540dfa8f5a2e"
        },
        {
          "assetId": "GTgVzsUHzMuCMexkxJk8C",
          "checksum": "9f88313ec3cbd39872b362e1374adab1",
          "type": "globalContexts"
        }
      ],
      "codegenVersion": "0.0.1"
    },
    {
      "projectId": "k6BnBuAUepzRX8Qs2WvkKs",
      "version": "0.3.0",
      "dependencies": {},
      "lang": "ts",
      "fileLocks": [
        {
          "assetId": "k6BnBuAUepzRX8Qs2WvkKs",
          "type": "projectCss",
          "checksum": "e1ec850476829c38b0f9b6d4f7ac446a"
        }
      ],
      "codegenVersion": "0.0.1"
    },
    {
      "projectId": "pnayxrZQDQNLaMhqWY9Kua",
      "version": "1.26.0",
      "dependencies": {},
      "lang": "ts",
      "fileLocks": [
        {
          "assetId": "pnayxrZQDQNLaMhqWY9Kua",
          "type": "projectCss",
          "checksum": "e1ec850476829c38b0f9b6d4f7ac446a"
        },
        {
          "assetId": "pnayxrZQDQNLaMhqWY9Kua",
          "checksum": "7b69a67afb8d3aa9d3b2ec90d4f17197",
          "type": "globalContexts"
        }
      ],
      "codegenVersion": "0.0.1"
    },
    {
      "projectId": "vqeFwpZFQ6buChy6T9PGwQ",
      "version": "0.7.0",
      "dependencies": {},
      "lang": "ts",
      "fileLocks": [
        {
          "assetId": "vqeFwpZFQ6buChy6T9PGwQ",
          "type": "projectCss",
          "checksum": "e1ec850476829c38b0f9b6d4f7ac446a"
        }
      ],
      "codegenVersion": "0.0.1"
    },
    {
      "projectId": "enk3K4vZ6pmH6kVCoZJXGn",
      "version": "4.21.0",
      "dependencies": {},
      "lang": "ts",
      "fileLocks": [
        {
          "assetId": "enk3K4vZ6pmH6kVCoZJXGn",
          "type": "projectCss",
          "checksum": "46129a8140f7bf604dec903e19777f53"
        }
      ],
      "codegenVersion": "0.0.1"
    },
    {
      "projectId": "caTPwKxj5ZrD9LQ7DMdK4Z",
      "version": "3.34.0",
      "dependencies": {},
      "lang": "ts",
      "fileLocks": [
        {
          "assetId": "caTPwKxj5ZrD9LQ7DMdK4Z",
          "type": "projectCss",
          "checksum": "e1ec850476829c38b0f9b6d4f7ac446a"
        }
      ],
      "codegenVersion": "0.0.1"
    },
    {
      "projectId": "sqPBLwEBBKHA2WDuGb17eV",
      "version": "0.9.0",
      "dependencies": {},
      "lang": "ts",
      "fileLocks": [
        {
          "assetId": "sqPBLwEBBKHA2WDuGb17eV",
          "type": "projectCss",
          "checksum": "e1ec850476829c38b0f9b6d4f7ac446a"
        },
        {
          "type": "renderModule",
          "assetId": "5nirPCGmCnRD",
          "checksum": "af91f4d2aa2f74dcdcb2ea82fca236a0"
        },
        {
          "type": "cssRules",
          "assetId": "5nirPCGmCnRD",
          "checksum": "af91f4d2aa2f74dcdcb2ea82fca236a0"
        },
        {
          "type": "icon",
          "assetId": "Wyt3GMMsLefj",
          "checksum": "d8c88f04735c43b3f7790b0889d20e0c"
        },
        {
          "type": "icon",
          "assetId": "MbDRsJU0e3bw",
          "checksum": "92672aa6935120ebaac11939d8d127bb"
        }
      ],
      "codegenVersion": "0.0.1"
    },
    {
      "projectId": "9Vr5YWkf3w7jj6SsTcCEta",
      "version": "0.8.0",
      "dependencies": {},
      "lang": "ts",
      "fileLocks": [
        {
          "assetId": "9Vr5YWkf3w7jj6SsTcCEta",
          "type": "projectCss",
          "checksum": "e1ec850476829c38b0f9b6d4f7ac446a"
        }
      ],
      "codegenVersion": "0.0.1"
    },
    {
      "projectId": "7nJ7UcFmq9UzB6eXfC5z4a",
      "version": "0.26.0",
      "dependencies": {},
      "lang": "ts",
      "fileLocks": [
        {
          "assetId": "7nJ7UcFmq9UzB6eXfC5z4a",
          "type": "projectCss",
          "checksum": "05587b57f22f0ec8bb54543deb39762e"
        }
      ],
      "codegenVersion": "0.0.1"
    },
    {
      "projectId": "jkU633o1Cz7HrJdwdxhVHk",
      "version": "16.7.0",
      "dependencies": {},
      "lang": "ts",
      "fileLocks": [
        {
          "assetId": "jkU633o1Cz7HrJdwdxhVHk",
          "type": "projectCss",
          "checksum": "0581d4378bb1604bb5fe3f65bb0a37de"
        }
      ],
      "codegenVersion": "0.0.1"
    },
    {
      "projectId": "ohDidvG9XsCeFumugENU3J",
      "version": "6.20.0",
      "dependencies": {},
      "lang": "ts",
      "fileLocks": [
        {
          "assetId": "ohDidvG9XsCeFumugENU3J",
          "type": "projectCss",
          "checksum": "fd83b730367fdbde2c69bc6cf31c2a3c"
        },
        {
          "assetId": "ohDidvG9XsCeFumugENU3J",
          "checksum": "de0a0e65174a6a185a8f822af51c6bdd",
          "type": "globalContexts"
        }
      ],
      "codegenVersion": "0.0.1"
    },
    {
      "projectId": "mwGzpoHinpZ8pmKKQjKC6Q",
      "version": "latest",
      "dependencies": {
        "ohDidvG9XsCeFumugENU3J": "6.20.0",
        "jkU633o1Cz7HrJdwdxhVHk": "16.7.0",
        "7nJ7UcFmq9UzB6eXfC5z4a": "0.26.0",
        "9Vr5YWkf3w7jj6SsTcCEta": "0.8.0",
        "sqPBLwEBBKHA2WDuGb17eV": "0.9.0",
        "caTPwKxj5ZrD9LQ7DMdK4Z": "3.34.0",
        "enk3K4vZ6pmH6kVCoZJXGn": "4.21.0",
        "vqeFwpZFQ6buChy6T9PGwQ": "0.7.0",
        "pnayxrZQDQNLaMhqWY9Kua": "1.26.0",
        "k6BnBuAUepzRX8Qs2WvkKs": "0.3.0",
        "GTgVzsUHzMuCMexkxJk8C": "1.27.0",
        "hjKYmYi6HMwK6TRyk7ew5R": "6.37.0",
        "YUiM7yqBWAqsh8KSnrdj7": "0.27.0",
        "xp1p7dmg329XVLHyuEUxD2": "11.30.0",
        "i3z63WaCLuRiSZRBwZC8d1": "6.15.0",
        "itBdcjth19Wasd6ngAYxWR": "1.22.0",
        "gLnoj82AzKVVT7qXiqAbHD": "2.9.0"
      },
      "lang": "ts",
      "fileLocks": [
        {
          "type": "globalVariant",
          "assetId": "QwgBEDB8TYp6",
          "checksum": "76492f2ceb22c84968fb9e556f3a4d4c"
        },
        {
          "assetId": "mwGzpoHinpZ8pmKKQjKC6Q",
          "checksum": "36aa0ed68d676687bd7a9d5bcd96879e",
          "type": "globalContexts"
        },
        {
          "type": "renderModule",
          "assetId": "x1YWet5WeWMp",
          "checksum": "cc2439d14c71ba0bae48b83751e6a786"
        },
        {
          "type": "cssRules",
          "assetId": "x1YWet5WeWMp",
          "checksum": "cc2439d14c71ba0bae48b83751e6a786"
        },
        {
          "type": "renderModule",
          "assetId": "O-sjQ-BfXg_q",
          "checksum": "e88b54751c3a3f77d32dbd5b95eee84a"
        },
        {
          "type": "cssRules",
          "assetId": "O-sjQ-BfXg_q",
          "checksum": "e88b54751c3a3f77d32dbd5b95eee84a"
        },
        {
          "type": "renderModule",
          "assetId": "U1HHI9SEh2Do",
          "checksum": "aadd9bc16b518d4e9827a1951b0492e8"
        },
        {
          "type": "cssRules",
          "assetId": "U1HHI9SEh2Do",
          "checksum": "aadd9bc16b518d4e9827a1951b0492e8"
        },
        {
          "type": "renderModule",
          "assetId": "2jtaUg30gpCQ",
          "checksum": "a595b7713d22e36a220b7383ea4ce270"
        },
        {
          "type": "cssRules",
          "assetId": "2jtaUg30gpCQ",
          "checksum": "a595b7713d22e36a220b7383ea4ce270"
        },
        {
          "type": "renderModule",
          "assetId": "pPy5gcUgNxaW",
          "checksum": "ef1bda1bd3b7b5eba120d16869772a86"
        },
        {
          "type": "cssRules",
          "assetId": "pPy5gcUgNxaW",
          "checksum": "ef1bda1bd3b7b5eba120d16869772a86"
        },
        {
          "type": "renderModule",
          "assetId": "-JYNnSI3FSVQ",
          "checksum": "01e1f18e2ae543b0b7c544e557cfe0fe"
        },
        {
          "type": "cssRules",
          "assetId": "-JYNnSI3FSVQ",
          "checksum": "01e1f18e2ae543b0b7c544e557cfe0fe"
        },
        {
          "type": "renderModule",
          "assetId": "mAa3MUe7NGTC",
          "checksum": "6913f98e9e4414b20bbed10dcd191e42"
        },
        {
          "type": "cssRules",
          "assetId": "mAa3MUe7NGTC",
          "checksum": "6913f98e9e4414b20bbed10dcd191e42"
        },
        {
          "type": "renderModule",
          "assetId": "VZu-WFpRaYeJ",
          "checksum": "b755daf5c1ecd101fe35950ef447632b"
        },
        {
          "type": "cssRules",
          "assetId": "VZu-WFpRaYeJ",
          "checksum": "b755daf5c1ecd101fe35950ef447632b"
        },
        {
          "type": "renderModule",
          "assetId": "NoWChVjfQ1hX",
          "checksum": "e6a4d4c07be07d1e2728465f80c77e51"
        },
        {
          "type": "cssRules",
          "assetId": "NoWChVjfQ1hX",
          "checksum": "e6a4d4c07be07d1e2728465f80c77e51"
        },
        {
          "type": "renderModule",
          "assetId": "IeqjBi5ezEV_",
          "checksum": "e00bbe504a5410e312eedecb8be4e3c4"
        },
        {
          "type": "cssRules",
          "assetId": "IeqjBi5ezEV_",
          "checksum": "e00bbe504a5410e312eedecb8be4e3c4"
        },
        {
          "type": "renderModule",
          "assetId": "pYvu7qkAibHy",
          "checksum": "21f7e8af5fb1255b7210136558880b01"
        },
        {
          "type": "cssRules",
          "assetId": "pYvu7qkAibHy",
          "checksum": "21f7e8af5fb1255b7210136558880b01"
        },
        {
          "type": "renderModule",
          "assetId": "LzH8N_mpnwME",
          "checksum": "52270cec8744be3b2bd13b181f4cdc89"
        },
        {
          "type": "cssRules",
          "assetId": "LzH8N_mpnwME",
          "checksum": "52270cec8744be3b2bd13b181f4cdc89"
        },
        {
          "type": "renderModule",
          "assetId": "F1bm_Pa7o7bk",
          "checksum": "6f31bf35ff18797d4d11999cae8152ab"
        },
        {
          "type": "cssRules",
          "assetId": "F1bm_Pa7o7bk",
          "checksum": "6f31bf35ff18797d4d11999cae8152ab"
        },
        {
          "type": "renderModule",
          "assetId": "bHsqy9yMtJUm",
          "checksum": "a71fbe3832eafef8ca2ea431b3475a52"
        },
        {
          "type": "cssRules",
          "assetId": "bHsqy9yMtJUm",
          "checksum": "a71fbe3832eafef8ca2ea431b3475a52"
        },
        {
          "type": "renderModule",
          "assetId": "QCqHZ3Lbn52w",
          "checksum": "9c72e36e79c0f2a737ba813ebbb0bdbd"
        },
        {
          "type": "cssRules",
          "assetId": "QCqHZ3Lbn52w",
          "checksum": "9c72e36e79c0f2a737ba813ebbb0bdbd"
        },
        {
          "type": "renderModule",
          "assetId": "R4fPjHrExtsx",
          "checksum": "852f4877453f44b364f000f7d14fa56e"
        },
        {
          "type": "cssRules",
          "assetId": "R4fPjHrExtsx",
          "checksum": "852f4877453f44b364f000f7d14fa56e"
        },
        {
          "type": "icon",
          "assetId": "7k2AgOnABygs",
          "checksum": "3153593b8abc8c26d1bac05a0b31b83a"
        },
        {
          "type": "icon",
          "assetId": "XFiodx7YYYgt",
          "checksum": "d20a2f0d4b996d40ce9d1d267066f823"
        },
        {
          "type": "icon",
          "assetId": "I0J4Nz9jr2l5",
          "checksum": "2af2942cf543dc60c181c534fc26aefb"
        },
        {
          "type": "icon",
          "assetId": "CwTBZ1IwI4if",
          "checksum": "0e0792e242ef0c94a8b7a3580fa2f173"
        },
        {
          "type": "icon",
          "assetId": "46jN7MIf2jcL",
          "checksum": "664e13941e966e2132438794a81c183f"
        },
        {
          "type": "icon",
          "assetId": "2dD8tiAwY1Ar",
          "checksum": "2ba652c6a6b20ae247c2c2040e87a1d4"
        },
        {
          "type": "icon",
          "assetId": "EesfGyxQueq1",
          "checksum": "6e243f4a97f6ae1f7355165d928012a8"
        },
        {
          "type": "icon",
          "assetId": "2urmVQ_gGgJw",
          "checksum": "e73ec85592f68aabb23273adcd5bb8d4"
        },
        {
          "type": "icon",
          "assetId": "Z9ZrL-kr1Ffo",
          "checksum": "7eddbd4254a203faeeb64c293bed1bd0"
        },
        {
          "type": "icon",
          "assetId": "pLJD4rGnKrzD",
          "checksum": "cad36f1b5ac527092f012c5dcd7c3070"
        },
        {
          "type": "icon",
          "assetId": "d3AKD0_3XKXS",
          "checksum": "8d28d77348ad28064db9e68490048110"
        },
        {
          "type": "icon",
          "assetId": "zb5tRDQfU6Zp",
          "checksum": "aaa8ef782d321cc993237be28c4e9d27"
        },
        {
          "type": "icon",
          "assetId": "XMegheNU-EKh",
          "checksum": "9a5e6c7c3de681f4304059847938aabe"
        },
        {
          "type": "icon",
          "assetId": "BNIeND41JqHj",
          "checksum": "8f510bb218f956322a67bb551aeee9ea"
        },
        {
          "type": "icon",
          "assetId": "xNhX_8rkGqNg",
          "checksum": "edc58d0bb84bd20d1252cb977aba2d87"
        },
        {
          "type": "icon",
          "assetId": "H7Y-jZi5Wy7v",
          "checksum": "bd7e1d204e8554900483b7c7ba086fb2"
        },
        {
          "type": "icon",
          "assetId": "AX89qq-miSRD",
          "checksum": "b0d2edfd560ab34560d043cad9b06587"
        },
        {
          "type": "icon",
          "assetId": "ijU2jginOz-O",
          "checksum": "a542750e7891975b1d916f25d6d2d4a0"
        },
        {
          "type": "icon",
          "assetId": "gb5_G6hD3l7d",
          "checksum": "141686c605f19aaeafd7afb7187772f4"
        },
        {
          "type": "icon",
          "assetId": "sPShlVlFbkCH",
          "checksum": "0a897fe7b6cbbb87f5c84f9dd0b13581"
        },
        {
          "type": "icon",
          "assetId": "5ynvzMQh9xjB",
          "checksum": "f346157fff03839afa2f94fefa1e07a5"
        },
        {
          "type": "icon",
          "assetId": "yt4UaMSV7VuR",
          "checksum": "53fc458d704116634f00ee6ee0cbbd1d"
        },
        {
          "type": "icon",
          "assetId": "xUQTJDvpabj0",
          "checksum": "c6a088cdef43abaa33f2768639c4cbae"
        },
        {
          "type": "icon",
          "assetId": "ENZ4yjs7udGp",
          "checksum": "cffe08057d7f4cba87099837c5b37be1"
        },
        {
          "type": "icon",
          "assetId": "awKX6d1u6hDc",
          "checksum": "86d56916e77e0e1ee9389bcc4f3390bc"
        },
        {
          "type": "icon",
          "assetId": "frSM_fyGLfcY",
          "checksum": "871e5e34ce8f0f90d6a8a7bad3c26504"
        },
        {
          "type": "image",
          "assetId": "_aX_C14F6_24",
          "checksum": "9f0cd4de4350e2702bab5ef03780632e"
        },
        {
          "type": "image",
          "assetId": "aNZbY3X5J_di",
          "checksum": "5cdaccb604daf860873da5d9bd12a053"
        },
        {
          "type": "image",
          "assetId": "OOId52d40zLW",
          "checksum": "eeadd37e6409ec4a0caf01a420ad7850"
        },
        {
          "type": "image",
          "assetId": "54p3RfLyPT15",
          "checksum": "c7dfcc9a7f1dc99f657974e498240834"
        },
        {
          "type": "image",
          "assetId": "Gt5ntmi3lavV",
          "checksum": "81919490bdb9dd314004cd364f280973"
        },
        {
          "type": "image",
          "assetId": "36L7gJ46dJl9",
          "checksum": "4277cc247b62176063ef28f0ee341d50"
        },
        {
          "type": "image",
          "assetId": "PcGB8lLCNkuB",
          "checksum": "32831cb41e41c3fa9c6785f941daa157"
        },
        {
          "type": "image",
          "assetId": "TOGCeomgVg1y",
          "checksum": "bda8465756a0eaa915fcc37760fd565d"
        },
        {
          "type": "image",
          "assetId": "wHm9lavA9_Rl",
          "checksum": "0c49da53d2410f92dc7b8d8cfcf16412"
        },
        {
          "type": "image",
          "assetId": "t7sbSOPCNTbc",
          "checksum": "6bdca64ce49e7985a2c2472eec10764b"
        },
        {
          "type": "image",
          "assetId": "UHUoVhbUMVsz",
          "checksum": "33d20f81ef9f48a155ce1d9a85addc14"
        },
        {
          "type": "image",
          "assetId": "ixBxZhr93m00",
          "checksum": "94bf8dccb708704e1cc9f11e915157ce"
        },
        {
          "type": "image",
          "assetId": "IxcCvE1Z1PV6",
          "checksum": "6cfcff73ddaf9bb1b857a229b4444832"
        },
        {
          "type": "image",
          "assetId": "BTHL90-duraE",
          "checksum": "1665e57f331873187fc228739016e46e"
        },
        {
          "type": "image",
          "assetId": "id4BQhV4yJrU",
          "checksum": "326697854befaae921b7c109d292d0c0"
        },
        {
          "type": "image",
          "assetId": "tMeHIVVY9ioM",
          "checksum": "155fe962a2b5433c0489b1fbb1ae14bd"
        },
        {
          "type": "image",
          "assetId": "ArNGRJR2sfM1",
          "checksum": "7fa9110c804476eba4614c4ba82cc459"
        },
        {
          "type": "image",
          "assetId": "V1q6twHqMq2k",
          "checksum": "ae00297adb7a35aca08030f5670e304c"
        },
        {
          "type": "image",
          "assetId": "-vOv7G_sksqP",
          "checksum": "efa0fea6f8c9578b56a4564b4d89e301"
        },
        {
          "type": "image",
          "assetId": "moY_OEEWzzA4",
          "checksum": "017696716f7de93fe8995c9670ac6de4"
        },
        {
          "type": "image",
          "assetId": "JEt9O9t3gMs_",
          "checksum": "3e4f70d840a90201276dc2c1a939ad2d"
        },
        {
          "type": "image",
          "assetId": "_ELdbzGCA4zX",
          "checksum": "9e54bc8201f626468657946ba07d5f21"
        },
        {
          "type": "image",
          "assetId": "zXM4HG8Qnr5o",
          "checksum": "4de44e1e004075ba538998c184cdf36e"
        },
        {
          "type": "image",
          "assetId": "9HfsVF7wPGZx",
          "checksum": "f0d2b4e9a2b2ffba18c9ddb085d117b0"
        },
        {
          "type": "image",
          "assetId": "rk0TK4zeKIzQ",
          "checksum": "7ade9f0a4960265aa90f335cb8f435da"
        },
        {
          "type": "image",
          "assetId": "0NmTRoiF4nr5",
          "checksum": "689f6f3089ee65d7a86645e22e6f5914"
        },
        {
          "type": "image",
          "assetId": "BUrhj82sZ1tC",
          "checksum": "fa46183ae06c7e94dfe574cf78bb33cb"
        },
        {
          "type": "image",
          "assetId": "bx3fhY5UHLj6",
          "checksum": "6cbf264d230645f5b3348b2a1ba2ab86"
        },
        {
          "type": "image",
          "assetId": "R8VlHXn8CUi9",
          "checksum": "43a85a7e63d5eeda9990ab7400d2169d"
        },
        {
          "type": "image",
          "assetId": "a78Wq_qx_jlT",
          "checksum": "4c86d256b31ef48281f1b4a15b18895a"
        },
        {
          "type": "image",
          "assetId": "aWhc2RGg_6aH",
          "checksum": "357d6352beb320921f018e415adcb590"
        },
        {
          "type": "image",
          "assetId": "V9huAdriKRja",
          "checksum": "0dbce39a42fb9f4ae8b630a3031f50ad"
        },
        {
          "type": "image",
          "assetId": "kJNd__j0bbfW",
          "checksum": "44c4cbe0c90cae511a7370330547f9cc"
        },
        {
          "type": "image",
          "assetId": "5nJSEN6Os9I_",
          "checksum": "a53e04cb28b5f9c368caf19339be4d30"
        },
        {
          "type": "image",
          "assetId": "gFwwV7Rer4Oc",
          "checksum": "9267b966adc399185689063809ef2446"
        },
        {
          "type": "image",
          "assetId": "3kq1gu6y3vj2",
          "checksum": "6c39c3f0024b2872f60c9e5e91a397e3"
        },
        {
          "type": "image",
          "assetId": "Hxm3j9hTsiKS",
          "checksum": "fc833a75f777147a07d00cec3610ef29"
        },
        {
          "type": "image",
          "assetId": "ckyj5ttqDia9",
          "checksum": "a7d1665557370a9e214b79a9c3790e8c"
        },
        {
          "type": "image",
          "assetId": "uv0817jSbygj",
          "checksum": "7c8ad242377e6202723c28dbfbd52aea"
        },
        {
          "type": "image",
          "assetId": "c2wEfIDfPH_V",
          "checksum": "83ad1d4f20e6ee86a166c56435f81b0b"
        },
        {
          "type": "image",
          "assetId": "z5k9erigauCg",
          "checksum": "78eaaed05b47fd4b2f10ac2af7eb670c"
        },
        {
          "type": "image",
          "assetId": "95xKI8coL5uD",
          "checksum": "cef86690e9c96008c5371096d37ecd82"
        },
        {
          "type": "image",
          "assetId": "6Gjnf-revRas",
          "checksum": "480035999e3e91756b718060195bcbb2"
        },
        {
          "type": "image",
          "assetId": "4ajYzqejuWNO",
          "checksum": "f0d47f9a9d6396a70bbef06b8dc3efa7"
        },
        {
          "type": "image",
          "assetId": "e2NjcBbvYU_1",
          "checksum": "e992057ff213486a307a4ecba53dff47"
        },
        {
          "type": "image",
          "assetId": "Xe4zlW45dbrM",
          "checksum": "4f51ebdab434df1805e12fdccf06c3c3"
        },
        {
          "type": "image",
          "assetId": "rgmyVO0oAzVb",
          "checksum": "e65ae34f641ab1225f6a094a3fd81d7a"
        },
        {
          "type": "image",
          "assetId": "lwYeW0wDnBKN",
          "checksum": "503e315df4cd4cf46d88050c4a734ff8"
        },
        {
          "assetId": "mwGzpoHinpZ8pmKKQjKC6Q",
          "type": "projectCss",
          "checksum": "49ea76566d6e2cc51a479d09ceec6281"
        }
      ],
      "codegenVersion": "0.0.1"
    }
  ],
  "cliVersion": "0.1.327"
}
